
Microsoft Visual Studio Solution File, Format Version 12.00
# Visual Studio 15
VisualStudioVersion = 15.0.28010.2041
MinimumVisualStudioVersion = 10.0.40219.1
Project("{FAE04EC0-301F-11D3-BF4B-00C04F79EFBC}") = "NetTest", "NetTest\NetTest.csproj", "{24415BD2-05B9-4CF5-BD06-50FEE6B577C5}"
EndProject
Global
	GlobalSection(SolutionConfigurationPlatforms) = preSolution
		Debug|Any CPU = Debug|Any CPU
		Release|Any CPU = Release|Any CPU
	EndGlobalSection
	GlobalSection(ProjectConfigurationPlatforms) = postSolution
		{24415BD2-05B9-4CF5-BD06-50FEE6B577C5}.Debug|Any CPU.ActiveCfg = Debug|Any CPU
		{24415BD2-05B9-4CF5-BD06-50FEE6B577C5}.Debug|Any CPU.Build.0 = Debug|Any CPU
		{24415BD2-05B9-4CF5-BD06-50FEE6B577C5}.Release|Any CPU.ActiveCfg = Release|Any CPU
		{24415BD2-05B9-4CF5-BD06-50FEE6B577C5}.Release|Any CPU.Build.0 = Release|Any CPU
	EndGlobalSection
	GlobalSection(SolutionProperties) = preSolution
		HideSolutionNode = FALSE
	EndGlobalSection
	GlobalSection(ExtensibilityGlobals) = postSolution
		SolutionGuid = {87417470-CF43-470F-B074-8395192F4DEB}
	EndGlobalSection
EndGlobal
